
Microsoft Visual Studio Solution File, Format Version 12.00
# Visual Studio 15
VisualStudioVersion = 15.0.26228.4
MinimumVisualStudioVersion = 10.0.40219.1
Project("{2150E333-8FDC-42A3-9474-1A3956D46DE8}") = "ISA", "ISA", "{EA018118-AF30-43B3-8BFA-8B1DF3A7FFAC}"
EndProject
Project("{2150E333-8FDC-42A3-9474-1A3956D46DE8}") = "EventEngine", "EventEngine", "{998932A3-A895-456D-AEC0-12C2F306783E}"
EndProject
Project("{2150E333-8FDC-42A3-9474-1A3956D46DE8}") = "Tests", "Tests", "{63CFCB67-1C65-4CDA-8727-E8FB762BF349}"
EndProject
Project("{2150E333-8FDC-42A3-9474-1A3956D46DE8}") = "Contracts", "Contracts", "{03328B20-8985-4841-A1BD-0DE36E87B429}"
EndProject
Project("{2150E333-8FDC-42A3-9474-1A3956D46DE8}") = "Libraries", "Libraries", "{299FB659-60C2-4D75-84BC-B6F50C4CB4D7}"
EndProject
Project("{2150E333-8FDC-42A3-9474-1A3956D46DE8}") = "Tests", "Tests", "{6E2C1338-9BE6-4899-8205-0D05B15C8FF0}"
EndProject
Project("{FAE04EC0-301F-11D3-BF4B-00C04F79EFBC}") = "EventEngine.Contracts", "EventEngine.Contracts\EventEngine.Contracts.csproj", "{B033DAE8-2D28-42A9-BFA1-6F3AB59C1040}"
EndProject
Project("{FAE04EC0-301F-11D3-BF4B-00C04F79EFBC}") = "EventEngine.IsaPolicy.Contracts", "IsaPolicy.Contracts\EventEngine.IsaPolicy.Contracts.csproj", "{14808D5E-6D00-459A-98CB-53AC6B8EA4AE}"
EndProject
Project("{FAE04EC0-301F-11D3-BF4B-00C04F79EFBC}") = "EventEngine.Application", "EventEngine.Application\EventEngine.Application.csproj", "{18373EDD-6BD2-43D9-9AEB-B5C8668E5E9D}"
EndProject
Project("{FAE04EC0-301F-11D3-BF4B-00C04F79EFBC}") = "EventEngine.Application.UnitTests", "EventEngine.Application.UnitTests\EventEngine.Application.UnitTests.csproj", "{46C7A280-D8B4-4D56-AD69-AB780B519105}"
EndProject
Project("{FAE04EC0-301F-11D3-BF4B-00C04F79EFBC}") = "EventEngine.Shared.Runtime", "EventEngine.Shared.Runtime\EventEngine.Shared.Runtime.csproj", "{9C5273FB-4FD9-4ADE-9229-107CF1E665CE}"
EndProject
Project("{FAE04EC0-301F-11D3-BF4B-00C04F79EFBC}") = "EventEngine.Client.Runtime", "EventEngine.Client.Runtime\EventEngine.Client.Runtime.csproj", "{21A944BA-FDCD-4FA8-9DC1-DCBA24DA3DB9}"
EndProject
Project("{FAE04EC0-301F-11D3-BF4B-00C04F79EFBC}") = "EventEngine.Service.Runtime", "EventEngine.Service.Runtime\EventEngine.Service.Runtime.csproj", "{A4E1A71D-CCA3-47F0-994C-4856007A19FE}"
EndProject
Project("{FAE04EC0-301F-11D3-BF4B-00C04F79EFBC}") = "FrameworkExtensions", "FrameworkExtensions\FrameworkExtensions.csproj", "{21D128D0-4F13-4157-B454-00BEAF0A3DE3}"
EndProject
Project("{FAE04EC0-301F-11D3-BF4B-00C04F79EFBC}") = "FrameworkExtensions.UnitTests", "FrameworkExtensions.UnitTests\FrameworkExtensions.UnitTests.csproj", "{919A9DF9-DE5E-43EB-9DDF-CCEA4775E458}"
EndProject
Project("{FAE04EC0-301F-11D3-BF4B-00C04F79EFBC}") = "CliConsole", "CliConsole\CliConsole.csproj", "{2165265F-4AFF-402A-A73A-D3C9F9A7E0AD}"
EndProject
Project("{FAE04EC0-301F-11D3-BF4B-00C04F79EFBC}") = "CliConsole.UnitTests", "CliConsole.UnitTests\CliConsole.UnitTests.csproj", "{B093B83C-7A67-4F29-95D4-0ADBAD84082E}"
EndProject
Project("{FAE04EC0-301F-11D3-BF4B-00C04F79EFBC}") = "EventEngine.IsaPolicy.Events", "Policy.Plugin.Isa.Policy\EventEngine.IsaPolicy.Events.csproj", "{CED460F4-690F-4561-94BE-8A5DCD250A5A}"
EndProject
Project("{FAE04EC0-301F-11D3-BF4B-00C04F79EFBC}") = "EventEngine.IsaPolicy.DataAccess", "Policy.Plugin.Isa.Policy.DataAccess\EventEngine.IsaPolicy.DataAccess.csproj", "{6464B49C-B9AB-4919-AC2A-FEF20598CB49}"
EndProject
Project("{FAE04EC0-301F-11D3-BF4B-00C04F79EFBC}") = "EventEngine.IsaPolicy.Operations", "Policy.Plugin.Isa.Policy.Operations\EventEngine.IsaPolicy.Operations.csproj", "{48D68DF9-3F79-417D-821D-48F8053C8F49}"
EndProject
Project("{FAE04EC0-301F-11D3-BF4B-00C04F79EFBC}") = "EventEngine.IsaPolicy.Views", "Policy.Plugin.Isa.Policy.Views\EventEngine.IsaPolicy.Views.csproj", "{F411399C-6A83-42F2-87EF-08ADF7DE1D9F}"
EndProject
Project("{FAE04EC0-301F-11D3-BF4B-00C04F79EFBC}") = "EventEngine.ConsoleClient", "ConsoleClient\EventEngine.ConsoleClient.csproj", "{FFA3169A-FD6E-4EC7-B46B-347339BFE346}"
EndProject
Project("{FAE04EC0-301F-11D3-BF4B-00C04F79EFBC}") = "EventEngine.ConsoleService", "EventEngine.ConsoleService\EventEngine.ConsoleService.csproj", "{5E1295C3-3786-4403-A4FD-E7DE94FADD48}"
EndProject
Global
	GlobalSection(SolutionConfigurationPlatforms) = preSolution
		Debug|Any CPU = Debug|Any CPU
		Release|Any CPU = Release|Any CPU
	EndGlobalSection
	GlobalSection(ProjectConfigurationPlatforms) = postSolution
		{B033DAE8-2D28-42A9-BFA1-6F3AB59C1040}.Debug|Any CPU.ActiveCfg = Debug|Any CPU
		{B033DAE8-2D28-42A9-BFA1-6F3AB59C1040}.Debug|Any CPU.Build.0 = Debug|Any CPU
		{B033DAE8-2D28-42A9-BFA1-6F3AB59C1040}.Release|Any CPU.ActiveCfg = Release|Any CPU
		{B033DAE8-2D28-42A9-BFA1-6F3AB59C1040}.Release|Any CPU.Build.0 = Release|Any CPU
		{14808D5E-6D00-459A-98CB-53AC6B8EA4AE}.Debug|Any CPU.ActiveCfg = Debug|Any CPU
		{14808D5E-6D00-459A-98CB-53AC6B8EA4AE}.Debug|Any CPU.Build.0 = Debug|Any CPU
		{14808D5E-6D00-459A-98CB-53AC6B8EA4AE}.Release|Any CPU.ActiveCfg = Release|Any CPU
		{14808D5E-6D00-459A-98CB-53AC6B8EA4AE}.Release|Any CPU.Build.0 = Release|Any CPU
		{18373EDD-6BD2-43D9-9AEB-B5C8668E5E9D}.Debug|Any CPU.ActiveCfg = Debug|Any CPU
		{18373EDD-6BD2-43D9-9AEB-B5C8668E5E9D}.Debug|Any CPU.Build.0 = Debug|Any CPU
		{18373EDD-6BD2-43D9-9AEB-B5C8668E5E9D}.Release|Any CPU.ActiveCfg = Release|Any CPU
		{18373EDD-6BD2-43D9-9AEB-B5C8668E5E9D}.Release|Any CPU.Build.0 = Release|Any CPU
		{46C7A280-D8B4-4D56-AD69-AB780B519105}.Debug|Any CPU.ActiveCfg = Debug|Any CPU
		{46C7A280-D8B4-4D56-AD69-AB780B519105}.Debug|Any CPU.Build.0 = Debug|Any CPU
		{46C7A280-D8B4-4D56-AD69-AB780B519105}.Release|Any CPU.ActiveCfg = Release|Any CPU
		{46C7A280-D8B4-4D56-AD69-AB780B519105}.Release|Any CPU.Build.0 = Release|Any CPU
		{9C5273FB-4FD9-4ADE-9229-107CF1E665CE}.Debug|Any CPU.ActiveCfg = Debug|Any CPU
		{9C5273FB-4FD9-4ADE-9229-107CF1E665CE}.Debug|Any CPU.Build.0 = Debug|Any CPU
		{9C5273FB-4FD9-4ADE-9229-107CF1E665CE}.Release|Any CPU.ActiveCfg = Release|Any CPU
		{9C5273FB-4FD9-4ADE-9229-107CF1E665CE}.Release|Any CPU.Build.0 = Release|Any CPU
		{21A944BA-FDCD-4FA8-9DC1-DCBA24DA3DB9}.Debug|Any CPU.ActiveCfg = Debug|Any CPU
		{21A944BA-FDCD-4FA8-9DC1-DCBA24DA3DB9}.Debug|Any CPU.Build.0 = Debug|Any CPU
		{21A944BA-FDCD-4FA8-9DC1-DCBA24DA3DB9}.Release|Any CPU.ActiveCfg = Release|Any CPU
		{21A944BA-FDCD-4FA8-9DC1-DCBA24DA3DB9}.Release|Any CPU.Build.0 = Release|Any CPU
		{A4E1A71D-CCA3-47F0-994C-4856007A19FE}.Debug|Any CPU.ActiveCfg = Debug|Any CPU
		{A4E1A71D-CCA3-47F0-994C-4856007A19FE}.Debug|Any CPU.Build.0 = Debug|Any CPU
		{A4E1A71D-CCA3-47F0-994C-4856007A19FE}.Release|Any CPU.ActiveCfg = Release|Any CPU
		{A4E1A71D-CCA3-47F0-994C-4856007A19FE}.Release|Any CPU.Build.0 = Release|Any CPU
		{21D128D0-4F13-4157-B454-00BEAF0A3DE3}.Debug|Any CPU.ActiveCfg = Debug|Any CPU
		{21D128D0-4F13-4157-B454-00BEAF0A3DE3}.Debug|Any CPU.Build.0 = Debug|Any CPU
		{21D128D0-4F13-4157-B454-00BEAF0A3DE3}.Release|Any CPU.ActiveCfg = Release|Any CPU
		{21D128D0-4F13-4157-B454-00BEAF0A3DE3}.Release|Any CPU.Build.0 = Release|Any CPU
		{919A9DF9-DE5E-43EB-9DDF-CCEA4775E458}.Debug|Any CPU.ActiveCfg = Debug|Any CPU
		{919A9DF9-DE5E-43EB-9DDF-CCEA4775E458}.Debug|Any CPU.Build.0 = Debug|Any CPU
		{919A9DF9-DE5E-43EB-9DDF-CCEA4775E458}.Release|Any CPU.ActiveCfg = Release|Any CPU
		{919A9DF9-DE5E-43EB-9DDF-CCEA4775E458}.Release|Any CPU.Build.0 = Release|Any CPU
		{2165265F-4AFF-402A-A73A-D3C9F9A7E0AD}.Debug|Any CPU.ActiveCfg = Debug|Any CPU
		{2165265F-4AFF-402A-A73A-D3C9F9A7E0AD}.Debug|Any CPU.Build.0 = Debug|Any CPU
		{2165265F-4AFF-402A-A73A-D3C9F9A7E0AD}.Release|Any CPU.ActiveCfg = Release|Any CPU
		{2165265F-4AFF-402A-A73A-D3C9F9A7E0AD}.Release|Any CPU.Build.0 = Release|Any CPU
		{B093B83C-7A67-4F29-95D4-0ADBAD84082E}.Debug|Any CPU.ActiveCfg = Debug|Any CPU
		{B093B83C-7A67-4F29-95D4-0ADBAD84082E}.Debug|Any CPU.Build.0 = Debug|Any CPU
		{B093B83C-7A67-4F29-95D4-0ADBAD84082E}.Release|Any CPU.ActiveCfg = Release|Any CPU
		{B093B83C-7A67-4F29-95D4-0ADBAD84082E}.Release|Any CPU.Build.0 = Release|Any CPU
		{CED460F4-690F-4561-94BE-8A5DCD250A5A}.Debug|Any CPU.ActiveCfg = Debug|Any CPU
		{CED460F4-690F-4561-94BE-8A5DCD250A5A}.Debug|Any CPU.Build.0 = Debug|Any CPU
		{CED460F4-690F-4561-94BE-8A5DCD250A5A}.Release|Any CPU.ActiveCfg = Release|Any CPU
		{CED460F4-690F-4561-94BE-8A5DCD250A5A}.Release|Any CPU.Build.0 = Release|Any CPU
		{6464B49C-B9AB-4919-AC2A-FEF20598CB49}.Debug|Any CPU.ActiveCfg = Debug|Any CPU
		{6464B49C-B9AB-4919-AC2A-FEF20598CB49}.Debug|Any CPU.Build.0 = Debug|Any CPU
		{6464B49C-B9AB-4919-AC2A-FEF20598CB49}.Release|Any CPU.ActiveCfg = Release|Any CPU
		{6464B49C-B9AB-4919-AC2A-FEF20598CB49}.Release|Any CPU.Build.0 = Release|Any CPU
		{48D68DF9-3F79-417D-821D-48F8053C8F49}.Debug|Any CPU.ActiveCfg = Debug|Any CPU
		{48D68DF9-3F79-417D-821D-48F8053C8F49}.Debug|Any CPU.Build.0 = Debug|Any CPU
		{48D68DF9-3F79-417D-821D-48F8053C8F49}.Release|Any CPU.ActiveCfg = Release|Any CPU
		{48D68DF9-3F79-417D-821D-48F8053C8F49}.Release|Any CPU.Build.0 = Release|Any CPU
		{F411399C-6A83-42F2-87EF-08ADF7DE1D9F}.Debug|Any CPU.ActiveCfg = Debug|Any CPU
		{F411399C-6A83-42F2-87EF-08ADF7DE1D9F}.Debug|Any CPU.Build.0 = Debug|Any CPU
		{F411399C-6A83-42F2-87EF-08ADF7DE1D9F}.Release|Any CPU.ActiveCfg = Release|Any CPU
		{F411399C-6A83-42F2-87EF-08ADF7DE1D9F}.Release|Any CPU.Build.0 = Release|Any CPU
		{FFA3169A-FD6E-4EC7-B46B-347339BFE346}.Debug|Any CPU.ActiveCfg = Debug|Any CPU
		{FFA3169A-FD6E-4EC7-B46B-347339BFE346}.Debug|Any CPU.Build.0 = Debug|Any CPU
		{FFA3169A-FD6E-4EC7-B46B-347339BFE346}.Release|Any CPU.ActiveCfg = Release|Any CPU
		{FFA3169A-FD6E-4EC7-B46B-347339BFE346}.Release|Any CPU.Build.0 = Release|Any CPU
		{5E1295C3-3786-4403-A4FD-E7DE94FADD48}.Debug|Any CPU.ActiveCfg = Debug|Any CPU
		{5E1295C3-3786-4403-A4FD-E7DE94FADD48}.Debug|Any CPU.Build.0 = Debug|Any CPU
		{5E1295C3-3786-4403-A4FD-E7DE94FADD48}.Release|Any CPU.ActiveCfg = Release|Any CPU
		{5E1295C3-3786-4403-A4FD-E7DE94FADD48}.Release|Any CPU.Build.0 = Release|Any CPU
	EndGlobalSection
	GlobalSection(SolutionProperties) = preSolution
		HideSolutionNode = FALSE
	EndGlobalSection
	GlobalSection(NestedProjects) = preSolution
		{63CFCB67-1C65-4CDA-8727-E8FB762BF349} = {998932A3-A895-456D-AEC0-12C2F306783E}
		{6E2C1338-9BE6-4899-8205-0D05B15C8FF0} = {299FB659-60C2-4D75-84BC-B6F50C4CB4D7}
		{B033DAE8-2D28-42A9-BFA1-6F3AB59C1040} = {03328B20-8985-4841-A1BD-0DE36E87B429}
		{14808D5E-6D00-459A-98CB-53AC6B8EA4AE} = {03328B20-8985-4841-A1BD-0DE36E87B429}
		{18373EDD-6BD2-43D9-9AEB-B5C8668E5E9D} = {998932A3-A895-456D-AEC0-12C2F306783E}
		{46C7A280-D8B4-4D56-AD69-AB780B519105} = {63CFCB67-1C65-4CDA-8727-E8FB762BF349}
		{9C5273FB-4FD9-4ADE-9229-107CF1E665CE} = {998932A3-A895-456D-AEC0-12C2F306783E}
		{21A944BA-FDCD-4FA8-9DC1-DCBA24DA3DB9} = {998932A3-A895-456D-AEC0-12C2F306783E}
		{A4E1A71D-CCA3-47F0-994C-4856007A19FE} = {998932A3-A895-456D-AEC0-12C2F306783E}
		{21D128D0-4F13-4157-B454-00BEAF0A3DE3} = {299FB659-60C2-4D75-84BC-B6F50C4CB4D7}
		{919A9DF9-DE5E-43EB-9DDF-CCEA4775E458} = {6E2C1338-9BE6-4899-8205-0D05B15C8FF0}
		{2165265F-4AFF-402A-A73A-D3C9F9A7E0AD} = {299FB659-60C2-4D75-84BC-B6F50C4CB4D7}
		{B093B83C-7A67-4F29-95D4-0ADBAD84082E} = {6E2C1338-9BE6-4899-8205-0D05B15C8FF0}
		{CED460F4-690F-4561-94BE-8A5DCD250A5A} = {EA018118-AF30-43B3-8BFA-8B1DF3A7FFAC}
		{6464B49C-B9AB-4919-AC2A-FEF20598CB49} = {EA018118-AF30-43B3-8BFA-8B1DF3A7FFAC}
		{48D68DF9-3F79-417D-821D-48F8053C8F49} = {EA018118-AF30-43B3-8BFA-8B1DF3A7FFAC}
		{F411399C-6A83-42F2-87EF-08ADF7DE1D9F} = {EA018118-AF30-43B3-8BFA-8B1DF3A7FFAC}
	EndGlobalSection
EndGlobal
