
Microsoft Visual Studio Solution File, Format Version 12.00
# Visual Studio 15
VisualStudioVersion = 15.0.26228.9
MinimumVisualStudioVersion = 10.0.40219.1
Project("{FAE04EC0-301F-11D3-BF4B-00C04F79EFBC}") = "Program", "Program\Program.csproj", "{5E1295C3-3786-4403-A4FD-E7DE94FADD48}"
EndProject
Project("{FAE04EC0-301F-11D3-BF4B-00C04F79EFBC}") = "Policy.Application", "Policy.Application\Policy.Application.csproj", "{18373EDD-6BD2-43D9-9AEB-B5C8668E5E9D}"
EndProject
Project("{FAE04EC0-301F-11D3-BF4B-00C04F79EFBC}") = "Policy.Plugin.Isa.Policy", "Policy.Plugin.Isa.Policy\Policy.Plugin.Isa.Policy.csproj", "{CED460F4-690F-4561-94BE-8A5DCD250A5A}"
EndProject
Project("{FAE04EC0-301F-11D3-BF4B-00C04F79EFBC}") = "Policy.Plugin.Isa.Policy.DataAccess", "Policy.Plugin.Isa.Policy.DataAccess\Policy.Plugin.Isa.Policy.DataAccess.csproj", "{6464B49C-B9AB-4919-AC2A-FEF20598CB49}"
EndProject
Project("{FAE04EC0-301F-11D3-BF4B-00C04F79EFBC}") = "FrameworkExtensions", "FrameworkExtensions\FrameworkExtensions.csproj", "{21D128D0-4F13-4157-B454-00BEAF0A3DE3}"
EndProject
Project("{FAE04EC0-301F-11D3-BF4B-00C04F79EFBC}") = "Policy.Plugin.Isa.Policy.Operations", "Policy.Plugin.Isa.Policy.Operations\Policy.Plugin.Isa.Policy.Operations.csproj", "{48D68DF9-3F79-417D-821D-48F8053C8F49}"
EndProject
Project("{FAE04EC0-301F-11D3-BF4B-00C04F79EFBC}") = "Policy.Plugin.Isa.Policy.Views", "Policy.Plugin.Isa.Policy.Views\Policy.Plugin.Isa.Policy.Views.csproj", "{F411399C-6A83-42F2-87EF-08ADF7DE1D9F}"
EndProject
Project("{2150E333-8FDC-42A3-9474-1A3956D46DE8}") = "Tests", "Tests", "{27530300-BC3C-492E-85D0-96F06563A20C}"
EndProject
Project("{FAE04EC0-301F-11D3-BF4B-00C04F79EFBC}") = "CliConsole.UnitTests", "CliConsole.UnitTests\CliConsole.UnitTests.csproj", "{B093B83C-7A67-4F29-95D4-0ADBAD84082E}"
EndProject
Project("{FAE04EC0-301F-11D3-BF4B-00C04F79EFBC}") = "CliConsole", "CliConsole\CliConsole.csproj", "{2165265F-4AFF-402A-A73A-D3C9F9A7E0AD}"
EndProject
Global
	GlobalSection(SolutionConfigurationPlatforms) = preSolution
		Debug|Any CPU = Debug|Any CPU
		Release|Any CPU = Release|Any CPU
	EndGlobalSection
	GlobalSection(ProjectConfigurationPlatforms) = postSolution
		{5E1295C3-3786-4403-A4FD-E7DE94FADD48}.Debug|Any CPU.ActiveCfg = Debug|Any CPU
		{5E1295C3-3786-4403-A4FD-E7DE94FADD48}.Debug|Any CPU.Build.0 = Debug|Any CPU
		{5E1295C3-3786-4403-A4FD-E7DE94FADD48}.Release|Any CPU.ActiveCfg = Release|Any CPU
		{5E1295C3-3786-4403-A4FD-E7DE94FADD48}.Release|Any CPU.Build.0 = Release|Any CPU
		{18373EDD-6BD2-43D9-9AEB-B5C8668E5E9D}.Debug|Any CPU.ActiveCfg = Debug|Any CPU
		{18373EDD-6BD2-43D9-9AEB-B5C8668E5E9D}.Debug|Any CPU.Build.0 = Debug|Any CPU
		{18373EDD-6BD2-43D9-9AEB-B5C8668E5E9D}.Release|Any CPU.ActiveCfg = Release|Any CPU
		{18373EDD-6BD2-43D9-9AEB-B5C8668E5E9D}.Release|Any CPU.Build.0 = Release|Any CPU
		{CED460F4-690F-4561-94BE-8A5DCD250A5A}.Debug|Any CPU.ActiveCfg = Debug|Any CPU
		{CED460F4-690F-4561-94BE-8A5DCD250A5A}.Debug|Any CPU.Build.0 = Debug|Any CPU
		{CED460F4-690F-4561-94BE-8A5DCD250A5A}.Release|Any CPU.ActiveCfg = Release|Any CPU
		{CED460F4-690F-4561-94BE-8A5DCD250A5A}.Release|Any CPU.Build.0 = Release|Any CPU
		{6464B49C-B9AB-4919-AC2A-FEF20598CB49}.Debug|Any CPU.ActiveCfg = Debug|Any CPU
		{6464B49C-B9AB-4919-AC2A-FEF20598CB49}.Debug|Any CPU.Build.0 = Debug|Any CPU
		{6464B49C-B9AB-4919-AC2A-FEF20598CB49}.Release|Any CPU.ActiveCfg = Release|Any CPU
		{6464B49C-B9AB-4919-AC2A-FEF20598CB49}.Release|Any CPU.Build.0 = Release|Any CPU
		{21D128D0-4F13-4157-B454-00BEAF0A3DE3}.Debug|Any CPU.ActiveCfg = Debug|Any CPU
		{21D128D0-4F13-4157-B454-00BEAF0A3DE3}.Debug|Any CPU.Build.0 = Debug|Any CPU
		{21D128D0-4F13-4157-B454-00BEAF0A3DE3}.Release|Any CPU.ActiveCfg = Release|Any CPU
		{21D128D0-4F13-4157-B454-00BEAF0A3DE3}.Release|Any CPU.Build.0 = Release|Any CPU
		{48D68DF9-3F79-417D-821D-48F8053C8F49}.Debug|Any CPU.ActiveCfg = Debug|Any CPU
		{48D68DF9-3F79-417D-821D-48F8053C8F49}.Debug|Any CPU.Build.0 = Debug|Any CPU
		{48D68DF9-3F79-417D-821D-48F8053C8F49}.Release|Any CPU.ActiveCfg = Release|Any CPU
		{48D68DF9-3F79-417D-821D-48F8053C8F49}.Release|Any CPU.Build.0 = Release|Any CPU
		{F411399C-6A83-42F2-87EF-08ADF7DE1D9F}.Debug|Any CPU.ActiveCfg = Debug|Any CPU
		{F411399C-6A83-42F2-87EF-08ADF7DE1D9F}.Debug|Any CPU.Build.0 = Debug|Any CPU
		{F411399C-6A83-42F2-87EF-08ADF7DE1D9F}.Release|Any CPU.ActiveCfg = Release|Any CPU
		{F411399C-6A83-42F2-87EF-08ADF7DE1D9F}.Release|Any CPU.Build.0 = Release|Any CPU
		{B093B83C-7A67-4F29-95D4-0ADBAD84082E}.Debug|Any CPU.ActiveCfg = Debug|Any CPU
		{B093B83C-7A67-4F29-95D4-0ADBAD84082E}.Debug|Any CPU.Build.0 = Debug|Any CPU
		{B093B83C-7A67-4F29-95D4-0ADBAD84082E}.Release|Any CPU.ActiveCfg = Release|Any CPU
		{B093B83C-7A67-4F29-95D4-0ADBAD84082E}.Release|Any CPU.Build.0 = Release|Any CPU
		{2165265F-4AFF-402A-A73A-D3C9F9A7E0AD}.Debug|Any CPU.ActiveCfg = Debug|Any CPU
		{2165265F-4AFF-402A-A73A-D3C9F9A7E0AD}.Debug|Any CPU.Build.0 = Debug|Any CPU
		{2165265F-4AFF-402A-A73A-D3C9F9A7E0AD}.Release|Any CPU.ActiveCfg = Release|Any CPU
		{2165265F-4AFF-402A-A73A-D3C9F9A7E0AD}.Release|Any CPU.Build.0 = Release|Any CPU
	EndGlobalSection
	GlobalSection(SolutionProperties) = preSolution
		HideSolutionNode = FALSE
	EndGlobalSection
	GlobalSection(NestedProjects) = preSolution
		{B093B83C-7A67-4F29-95D4-0ADBAD84082E} = {27530300-BC3C-492E-85D0-96F06563A20C}
	EndGlobalSection
EndGlobal
